
Microsoft Visual Studio Solution File, Format Version 12.00
# Visual Studio Version 16
VisualStudioVersion = 16.0.30320.27
MinimumVisualStudioVersion = 10.0.40219.1
Project("{FAE04EC0-301F-11D3-BF4B-00C04F79EFBC}") = "OopChadathan.cs", "OopChadathan.cs\OopChadathan.cs.csproj", "{7DD1E6C4-BCEE-4B95-A799-D5C99E75E88D}"
EndProject
Global
	GlobalSection(SolutionConfigurationPlatforms) = preSolution
		Debug|Any CPU = Debug|Any CPU
		Release|Any CPU = Release|Any CPU
	EndGlobalSection
	GlobalSection(ProjectConfigurationPlatforms) = postSolution
		{7DD1E6C4-BCEE-4B95-A799-D5C99E75E88D}.Debug|Any CPU.ActiveCfg = Debug|Any CPU
		{7DD1E6C4-BCEE-4B95-A799-D5C99E75E88D}.Debug|Any CPU.Build.0 = Debug|Any CPU
		{7DD1E6C4-BCEE-4B95-A799-D5C99E75E88D}.Release|Any CPU.ActiveCfg = Release|Any CPU
		{7DD1E6C4-BCEE-4B95-A799-D5C99E75E88D}.Release|Any CPU.Build.0 = Release|Any CPU
	EndGlobalSection
	GlobalSection(SolutionProperties) = preSolution
		HideSolutionNode = FALSE
	EndGlobalSection
	GlobalSection(ExtensibilityGlobals) = postSolution
		SolutionGuid = {820AF0A8-0BEA-4A9E-8518-C430BB00831D}
	EndGlobalSection
EndGlobal
